
Microsoft Visual Studio Solution File, Format Version 12.00
# Visual Studio Version 17
VisualStudioVersion = 17.2.32519.379
MinimumVisualStudioVersion = 10.0.40219.1
Project("{FAE04EC0-301F-11D3-BF4B-00C04F79EFBC}") = "c", "c\c.csproj", "{5D31CA44-5173-4C04-8A8F-C5962ACC8185}"
EndProject
Global
	GlobalSection(SolutionConfigurationPlatforms) = preSolution
		Debug|Any CPU = Debug|Any CPU
		Release|Any CPU = Release|Any CPU
	EndGlobalSection
	GlobalSection(ProjectConfigurationPlatforms) = postSolution
		{5D31CA44-5173-4C04-8A8F-C5962ACC8185}.Debug|Any CPU.ActiveCfg = Debug|Any CPU
		{5D31CA44-5173-4C04-8A8F-C5962ACC8185}.Debug|Any CPU.Build.0 = Debug|Any CPU
		{5D31CA44-5173-4C04-8A8F-C5962ACC8185}.Release|Any CPU.ActiveCfg = Release|Any CPU
		{5D31CA44-5173-4C04-8A8F-C5962ACC8185}.Release|Any CPU.Build.0 = Release|Any CPU
	EndGlobalSection
	GlobalSection(SolutionProperties) = preSolution
		HideSolutionNode = FALSE
	EndGlobalSection
	GlobalSection(ExtensibilityGlobals) = postSolution
		SolutionGuid = {79EA322D-4B06-4EB0-A71B-0B69BE75C12E}
	EndGlobalSection
EndGlobal
